
Microsoft Visual Studio Solution File, Format Version 12.00
# Visual Studio Version 16
VisualStudioVersion = 16.0.31729.503
MinimumVisualStudioVersion = 10.0.40219.1
Project("{2150E333-8FDC-42A3-9474-1A3956D46DE8}") = "Gün 12", "Gün 12", "{30B233BC-C19E-436B-86BE-C1EC4940457E}"
EndProject
Project("{9A19103F-16F7-4668-BE54-9A1E7A4F7556}") = "KafeAdisyon", "KafeAdisyon\KafeAdisyon.csproj", "{88D1D176-E682-4872-BFC0-77121210B824}"
EndProject
Global
	GlobalSection(SolutionConfigurationPlatforms) = preSolution
		Debug|Any CPU = Debug|Any CPU
		Release|Any CPU = Release|Any CPU
	EndGlobalSection
	GlobalSection(ProjectConfigurationPlatforms) = postSolution
		{88D1D176-E682-4872-BFC0-77121210B824}.Debug|Any CPU.ActiveCfg = Debug|Any CPU
		{88D1D176-E682-4872-BFC0-77121210B824}.Debug|Any CPU.Build.0 = Debug|Any CPU
		{88D1D176-E682-4872-BFC0-77121210B824}.Release|Any CPU.ActiveCfg = Release|Any CPU
		{88D1D176-E682-4872-BFC0-77121210B824}.Release|Any CPU.Build.0 = Release|Any CPU
	EndGlobalSection
	GlobalSection(SolutionProperties) = preSolution
		HideSolutionNode = FALSE
	EndGlobalSection
	GlobalSection(NestedProjects) = preSolution
		{88D1D176-E682-4872-BFC0-77121210B824} = {30B233BC-C19E-436B-86BE-C1EC4940457E}
	EndGlobalSection
	GlobalSection(ExtensibilityGlobals) = postSolution
		SolutionGuid = {1AB4EDC3-6721-4BA7-8C33-9CF35518AC83}
	EndGlobalSection
EndGlobal
